
Microsoft Visual Studio Solution File, Format Version 12.00
Project("{2150E333-8FDC-42A3-9474-1A3956D46DE8}") = "Documentation", "Documentation", "{08A4C771-4AC8-4D9C-88AE-EC8F59872C3A}"
EndProject
Project("{FAE04EC0-301F-11D3-BF4B-00C04F79EFBC}") = "Docs", "Documentation\Docs\Docs.csproj", "{006F1862-F64D-40D8-9F19-FDA48FF64ADA}"
EndProject
Project("{FAE04EC0-301F-11D3-BF4B-00C04F79EFBC}") = "Assigment1", "Documentation\Assigment1\Assigment1.csproj", "{2EE60A60-8BC2-4DAE-BF56-589A0CAC2B0F}"
EndProject
Project("{FAE04EC0-301F-11D3-BF4B-00C04F79EFBC}") = "Assignment3", "Documentation\Assignment3\Assignment3.csproj", "{6103B1D8-78DA-4CC1-83EB-0534FB74F902}"
EndProject
Project("{2150E333-8FDC-42A3-9474-1A3956D46DE8}") = "src", "src", "{152FF120-5529-46B2-AD18-88BEE01CF016}"
EndProject
Project("{2150E333-8FDC-42A3-9474-1A3956D46DE8}") = "Core", "Core", "{AE70260B-D9A6-4689-BE73-9C9ABD1A5B75}"
EndProject
Project("{2150E333-8FDC-42A3-9474-1A3956D46DE8}") = "Tools", "Core\Tools", "{323F4521-D3F7-4627-A02C-496898A32257}"
EndProject
Project("{FAE04EC0-301F-11D3-BF4B-00C04F79EFBC}") = "VIAEventAssociation.Core.Tools.OperationResult", "Core\Tools\VIAEventAssociation.Core.Tools.OperationResult\VIAEventAssociation.Core.Tools.OperationResult.csproj", "{6655F336-FB5F-4533-A385-E4B8BA93E13F}"
EndProject
Project("{2150E333-8FDC-42A3-9474-1A3956D46DE8}") = "Tests", "Tests", "{A1D2999C-3964-42A2-8922-2B03208E6646}"
EndProject
Project("{FAE04EC0-301F-11D3-BF4B-00C04F79EFBC}") = "UnitTests", "Tests\UnitTests\UnitTests.csproj", "{D92E1547-348B-4F27-B4CB-E75D9A1D4513}"
EndProject
Project("{FAE04EC0-301F-11D3-BF4B-00C04F79EFBC}") = "Domain", "Core\Domain\Domain.csproj", "{C0CFC3F9-4B1B-4033-8C57-FED802E14654}"
	ProjectSection(ProjectDependencies) = postProject
		{6655F336-FB5F-4533-A385-E4B8BA93E13F} = {6655F336-FB5F-4533-A385-E4B8BA93E13F}
	EndProjectSection
EndProject
Project("{FAE04EC0-301F-11D3-BF4B-00C04F79EFBC}") = "Application", "Core\Application\Application.csproj", "{09D0CDF1-72CA-4AF1-AB68-FEAA12C0303E}"
EndProject
Project("{2150E333-8FDC-42A3-9474-1A3956D46DE8}") = "Infrastructure", "Infrastructure", "{91B77E50-56B1-426E-AC4E-DFE857A9C105}"
EndProject
Project("{FAE04EC0-301F-11D3-BF4B-00C04F79EFBC}") = "VeaEventAssociation.Infrastructure.SQliteDomainModelPersistence", "Infrastructure\VeaEventAssociation.Infrastructure.SQliteDomainModelPersistence\VeaEventAssociation.Infrastructure.SQliteDomainModelPersistence.csproj", "{5DE655D8-5A8D-4CE6-9496-CA539CB3EA2E}"
EndProject
Project("{FAE04EC0-301F-11D3-BF4B-00C04F79EFBC}") = "IntegrationTests", "Tests\IntegrationTests\IntegrationTests.csproj", "{96142F78-F632-40FA-9973-C12F212203D9}"
EndProject
Global
	GlobalSection(SolutionConfigurationPlatforms) = preSolution
		Debug|Any CPU = Debug|Any CPU
		Release|Any CPU = Release|Any CPU
	EndGlobalSection
	GlobalSection(NestedProjects) = preSolution
		{006F1862-F64D-40D8-9F19-FDA48FF64ADA} = {08A4C771-4AC8-4D9C-88AE-EC8F59872C3A}
		{2EE60A60-8BC2-4DAE-BF56-589A0CAC2B0F} = {08A4C771-4AC8-4D9C-88AE-EC8F59872C3A}
		{6103B1D8-78DA-4CC1-83EB-0534FB74F902} = {08A4C771-4AC8-4D9C-88AE-EC8F59872C3A}
		{AE70260B-D9A6-4689-BE73-9C9ABD1A5B75} = {152FF120-5529-46B2-AD18-88BEE01CF016}
		{323F4521-D3F7-4627-A02C-496898A32257} = {AE70260B-D9A6-4689-BE73-9C9ABD1A5B75}
		{6655F336-FB5F-4533-A385-E4B8BA93E13F} = {323F4521-D3F7-4627-A02C-496898A32257}
		{D92E1547-348B-4F27-B4CB-E75D9A1D4513} = {A1D2999C-3964-42A2-8922-2B03208E6646}
		{C0CFC3F9-4B1B-4033-8C57-FED802E14654} = {AE70260B-D9A6-4689-BE73-9C9ABD1A5B75}
		{09D0CDF1-72CA-4AF1-AB68-FEAA12C0303E} = {AE70260B-D9A6-4689-BE73-9C9ABD1A5B75}
		{91B77E50-56B1-426E-AC4E-DFE857A9C105} = {152FF120-5529-46B2-AD18-88BEE01CF016}
		{5DE655D8-5A8D-4CE6-9496-CA539CB3EA2E} = {91B77E50-56B1-426E-AC4E-DFE857A9C105}
		{96142F78-F632-40FA-9973-C12F212203D9} = {A1D2999C-3964-42A2-8922-2B03208E6646}
	EndGlobalSection
	GlobalSection(ProjectConfigurationPlatforms) = postSolution
		{006F1862-F64D-40D8-9F19-FDA48FF64ADA}.Debug|Any CPU.ActiveCfg = Debug|Any CPU
		{006F1862-F64D-40D8-9F19-FDA48FF64ADA}.Debug|Any CPU.Build.0 = Debug|Any CPU
		{006F1862-F64D-40D8-9F19-FDA48FF64ADA}.Release|Any CPU.ActiveCfg = Release|Any CPU
		{006F1862-F64D-40D8-9F19-FDA48FF64ADA}.Release|Any CPU.Build.0 = Release|Any CPU
		{2EE60A60-8BC2-4DAE-BF56-589A0CAC2B0F}.Debug|Any CPU.ActiveCfg = Debug|Any CPU
		{2EE60A60-8BC2-4DAE-BF56-589A0CAC2B0F}.Debug|Any CPU.Build.0 = Debug|Any CPU
		{2EE60A60-8BC2-4DAE-BF56-589A0CAC2B0F}.Release|Any CPU.ActiveCfg = Release|Any CPU
		{2EE60A60-8BC2-4DAE-BF56-589A0CAC2B0F}.Release|Any CPU.Build.0 = Release|Any CPU
		{6103B1D8-78DA-4CC1-83EB-0534FB74F902}.Debug|Any CPU.ActiveCfg = Debug|Any CPU
		{6103B1D8-78DA-4CC1-83EB-0534FB74F902}.Debug|Any CPU.Build.0 = Debug|Any CPU
		{6103B1D8-78DA-4CC1-83EB-0534FB74F902}.Release|Any CPU.ActiveCfg = Release|Any CPU
		{6103B1D8-78DA-4CC1-83EB-0534FB74F902}.Release|Any CPU.Build.0 = Release|Any CPU
		{6655F336-FB5F-4533-A385-E4B8BA93E13F}.Debug|Any CPU.ActiveCfg = Debug|Any CPU
		{6655F336-FB5F-4533-A385-E4B8BA93E13F}.Debug|Any CPU.Build.0 = Debug|Any CPU
		{6655F336-FB5F-4533-A385-E4B8BA93E13F}.Release|Any CPU.ActiveCfg = Release|Any CPU
		{6655F336-FB5F-4533-A385-E4B8BA93E13F}.Release|Any CPU.Build.0 = Release|Any CPU
		{D92E1547-348B-4F27-B4CB-E75D9A1D4513}.Debug|Any CPU.ActiveCfg = Debug|Any CPU
		{D92E1547-348B-4F27-B4CB-E75D9A1D4513}.Debug|Any CPU.Build.0 = Debug|Any CPU
		{D92E1547-348B-4F27-B4CB-E75D9A1D4513}.Release|Any CPU.ActiveCfg = Release|Any CPU
		{D92E1547-348B-4F27-B4CB-E75D9A1D4513}.Release|Any CPU.Build.0 = Release|Any CPU
		{C0CFC3F9-4B1B-4033-8C57-FED802E14654}.Debug|Any CPU.ActiveCfg = Debug|Any CPU
		{C0CFC3F9-4B1B-4033-8C57-FED802E14654}.Debug|Any CPU.Build.0 = Debug|Any CPU
		{C0CFC3F9-4B1B-4033-8C57-FED802E14654}.Release|Any CPU.ActiveCfg = Release|Any CPU
		{C0CFC3F9-4B1B-4033-8C57-FED802E14654}.Release|Any CPU.Build.0 = Release|Any CPU
		{09D0CDF1-72CA-4AF1-AB68-FEAA12C0303E}.Debug|Any CPU.ActiveCfg = Debug|Any CPU
		{09D0CDF1-72CA-4AF1-AB68-FEAA12C0303E}.Debug|Any CPU.Build.0 = Debug|Any CPU
		{09D0CDF1-72CA-4AF1-AB68-FEAA12C0303E}.Release|Any CPU.ActiveCfg = Release|Any CPU
		{09D0CDF1-72CA-4AF1-AB68-FEAA12C0303E}.Release|Any CPU.Build.0 = Release|Any CPU
		{5DE655D8-5A8D-4CE6-9496-CA539CB3EA2E}.Debug|Any CPU.ActiveCfg = Debug|Any CPU
		{5DE655D8-5A8D-4CE6-9496-CA539CB3EA2E}.Debug|Any CPU.Build.0 = Debug|Any CPU
		{5DE655D8-5A8D-4CE6-9496-CA539CB3EA2E}.Release|Any CPU.ActiveCfg = Release|Any CPU
		{5DE655D8-5A8D-4CE6-9496-CA539CB3EA2E}.Release|Any CPU.Build.0 = Release|Any CPU
		{96142F78-F632-40FA-9973-C12F212203D9}.Debug|Any CPU.ActiveCfg = Debug|Any CPU
		{96142F78-F632-40FA-9973-C12F212203D9}.Debug|Any CPU.Build.0 = Debug|Any CPU
		{96142F78-F632-40FA-9973-C12F212203D9}.Release|Any CPU.ActiveCfg = Release|Any CPU
		{96142F78-F632-40FA-9973-C12F212203D9}.Release|Any CPU.Build.0 = Release|Any CPU
	EndGlobalSection
EndGlobal
